PODS:
  - BLDebugTools (0.1.3):
    - PopGesture
    - SnapKit
  - PopGesture (0.1.1)
  - SnapKit (4.0.0)

DEPENDENCIES:
  - BLDebugTools (from `../`)

EXTERNAL SOURCES:
  BLDebugTools:
    :path: ../

SPEC CHECKSUMS:
  BLDebugTools: f0aa4c57599de4b11097ca036f8a9ce127417198
  PopGesture: 188e5517a5bd146fc8a20f4c52e915e0f07a8d36
  SnapKit: a42d492c16e80209130a3379f73596c3454b7694

PODFILE CHECKSUM: 302883cb4657db6aa0a66ef87197e33571efd8c9

COCOAPODS: 1.4.0
